{
  "name": "spinal-forge-viewer",
  "version": "1.0.3",
  "lockfileVersion": 1,
  "requires": true,
  "dependencies": {
    "@types/forge-viewer": {
      "version": "6.6.1",
      "resolved": "https://registry.npmjs.org/@types/forge-viewer/-/forge-viewer-6.6.1.tgz",
      "integrity": "sha512-sSjZNHcsttG5WhAGUzv6Px5Aa1J7ZRbQDY93VjV9X9kpZkQ6o3gFPkF2B4rtTqCUkI3DaiRy+OcYVL8kZ95iOg==",
      "dev": true,
      "requires": {
        "@types/three": "^0.93.30"
      },
      "dependencies": {
        "@types/three": {
          "version": "0.93.31",
          "resolved": "https://registry.npmjs.org/@types/three/-/three-0.93.31.tgz",
          "integrity": "sha512-lR9eLY3gnrUDAdW4ujITgVTPEv1Oy2yoL3LlfKAnjQuzyjGSR+PvQuXuWmaDCD1IyWhkqbnol1nJwaW0MGe35A==",
          "dev": true
        }
      }
    },
    "@types/three": {
      "version": "0.103.2",
      "resolved": "https://registry.npmjs.org/@types/three/-/three-0.103.2.tgz",
      "integrity": "sha512-zhtf0Qs5wLJpIn1+VWCpzSgpKayj/GSWZ6woiuz09FW59KEDeLpnBkYz6lbblVpRmGdlnG8nd0unaASshOvcXw==",
      "dev": true,
      "requires": {
        "three": "*"
      }
    },
    "three": {
      "version": "0.125.0",
      "resolved": "https://registry.npmjs.org/three/-/three-0.125.0.tgz",
      "integrity": "sha512-qL36qUGsPQ/Ofo/RZdXwHwM7A8wzUSAIyawtjIebJSPvounUQeneSqxI0aBY2iwKpseGy+RUtj3C5f/z4poyXw=="
    },
    "typescript": {
      "version": "3.5.2",
      "resolved": "https://registry.npmjs.org/typescript/-/typescript-3.5.2.tgz",
      "integrity": "sha512-7KxJovlYhTX5RaRbUdkAXN1KUZ8PwWlTzQdHV6xNqvuFOs7+WBo10TQUqT19Q/Jz2hk5v9TQDIhyLhhJY4p5AA==",
      "dev": true
    }
  }
}
